
Microsoft Visual Studio Solution File, Format Version 12.00
# Visual Studio Version 16
VisualStudioVersion = 16.0.30717.126
MinimumVisualStudioVersion = 10.0.40219.1
Project("{FAE04EC0-301F-11D3-BF4B-00C04F79EFBC}") = "INTEGRATESV", "INTEGRATESV\INTEGRATESV.csproj", "{5D099FB6-04A3-495A-BF1D-A19B1EED4093}"
EndProject
Global
	GlobalSection(SolutionConfigurationPlatforms) = preSolution
		Debug|Any CPU = Debug|Any CPU
		Release|Any CPU = Release|Any CPU
	EndGlobalSection
	GlobalSection(ProjectConfigurationPlatforms) = postSolution
		{5D099FB6-04A3-495A-BF1D-A19B1EED4093}.Debug|Any CPU.ActiveCfg = Debug|Any CPU
		{5D099FB6-04A3-495A-BF1D-A19B1EED4093}.Debug|Any CPU.Build.0 = Debug|Any CPU
		{5D099FB6-04A3-495A-BF1D-A19B1EED4093}.Release|Any CPU.ActiveCfg = Release|Any CPU
		{5D099FB6-04A3-495A-BF1D-A19B1EED4093}.Release|Any CPU.Build.0 = Release|Any CPU
	EndGlobalSection
	GlobalSection(SolutionProperties) = preSolution
		HideSolutionNode = FALSE
	EndGlobalSection
	GlobalSection(ExtensibilityGlobals) = postSolution
		SolutionGuid = {7B76A98C-C0CE-411D-BC99-63C8BC723BAC}
	EndGlobalSection
EndGlobal
